
Microsoft Visual Studio Solution File, Format Version 12.00
# Visual Studio 2012
Project("{FAE04EC0-301F-11D3-BF4B-00C04F79EFBC}") = "Ejercicio 1", "Ejercicio 1\Ejercicio 1.csproj", "{DE665B06-45D6-4F76-976E-D38FFD9C1110}"
EndProject
Global
	GlobalSection(SolutionConfigurationPlatforms) = preSolution
		Debug|Any CPU = Debug|Any CPU
		Release|Any CPU = Release|Any CPU
	EndGlobalSection
	GlobalSection(ProjectConfigurationPlatforms) = postSolution
		{DE665B06-45D6-4F76-976E-D38FFD9C1110}.Debug|Any CPU.ActiveCfg = Debug|Any CPU
		{DE665B06-45D6-4F76-976E-D38FFD9C1110}.Debug|Any CPU.Build.0 = Debug|Any CPU
		{DE665B06-45D6-4F76-976E-D38FFD9C1110}.Release|Any CPU.ActiveCfg = Release|Any CPU
		{DE665B06-45D6-4F76-976E-D38FFD9C1110}.Release|Any CPU.Build.0 = Release|Any CPU
	EndGlobalSection
	GlobalSection(SolutionProperties) = preSolution
		HideSolutionNode = FALSE
	EndGlobalSection
EndGlobal
